
Microsoft Visual Studio Solution File, Format Version 12.00
# Visual Studio Version 17
VisualStudioVersion = 17.2.32516.85
MinimumVisualStudioVersion = 10.0.40219.1
Project("{FAE04EC0-301F-11D3-BF4B-00C04F79EFBC}") = "AspNetCoreDashboard", "AspNetCoreDashboard\AspNetCoreDashboard.csproj", "{20720CFB-1F54-4563-8A8D-45EBDE76E0B8}"
EndProject
Global
	GlobalSection(SolutionConfigurationPlatforms) = preSolution
		Debug|Any CPU = Debug|Any CPU
		Release|Any CPU = Release|Any CPU
	EndGlobalSection
	GlobalSection(ProjectConfigurationPlatforms) = postSolution
		{20720CFB-1F54-4563-8A8D-45EBDE76E0B8}.Debug|Any CPU.ActiveCfg = Debug|Any CPU
		{20720CFB-1F54-4563-8A8D-45EBDE76E0B8}.Debug|Any CPU.Build.0 = Debug|Any CPU
		{20720CFB-1F54-4563-8A8D-45EBDE76E0B8}.Release|Any CPU.ActiveCfg = Release|Any CPU
		{20720CFB-1F54-4563-8A8D-45EBDE76E0B8}.Release|Any CPU.Build.0 = Release|Any CPU
	EndGlobalSection
	GlobalSection(SolutionProperties) = preSolution
		HideSolutionNode = FALSE
	EndGlobalSection
	GlobalSection(ExtensibilityGlobals) = postSolution
		SolutionGuid = {E02367A3-090F-47E9-8BDE-398D31D16903}
	EndGlobalSection
EndGlobal
